<Project xmlns="http://schemas.microsoft.com/developer/msbuild/2003">
    <PropertyGroup>
        <ProjectGuid>{F225ABEA-5266-44BB-BA7E-D81C77A0F0A1}</ProjectGuid>
        <MainSource>TWCommon.dpk</MainSource>
        <ProjectVersion>14.4</ProjectVersion>
        <FrameworkType>None</FrameworkType>
        <Base>True</Base>
        <Config Condition="'$(Config)'==''">Release</Config>
        <Platform Condition="'$(Platform)'==''">Win32</Platform>
        <TargetedPlatforms>3</TargetedPlatforms>
        <AppType>Package</AppType>
    </PropertyGroup>
    <PropertyGroup Condition="'$(Config)'=='Base' or '$(Base)'!=''">
        <Base>true</Base>
    </PropertyGroup>
    <PropertyGroup Condition="'$(Config)'=='Debug' or '$(Cfg_1)'!=''">
        <Cfg_1>true</Cfg_1>
        <CfgParent>Base</CfgParent>
        <Base>true</Base>
    </PropertyGroup>
    <PropertyGroup Condition="'$(Config)'=='Release' or '$(Cfg_2)'!=''">
        <Cfg_2>true</Cfg_2>
        <CfgParent>Base</CfgParent>
        <Base>true</Base>
    </PropertyGroup>
    <PropertyGroup Condition="'$(Base)'!=''">
        <DCC_OutputNeverBuildDcps>true</DCC_OutputNeverBuildDcps>
        <DllSuffix>170</DllSuffix>
        <DCC_Define>USE_VCL;USE_VERYSIMPLEXML;$(DCC_Define)</DCC_Define>
        <VerInfo_Locale>1033</VerInfo_Locale>
        <RuntimeOnlyPackage>true</RuntimeOnlyPackage>
        <DCC_Description>Common functions and types for the Ursa Minor&apos;s packages and apps</DCC_Description>
        <DCC_CBuilderOutput>All</DCC_CBuilderOutput>
        <SanitizedProjectName>TWCommon</SanitizedProjectName>
        <GenPackage>true</GenPackage>
        <GenDll>true</GenDll>
        <DCC_DcuOutput>.\$(Platform)\$(Config)</DCC_DcuOutput>
        <DCC_ExeOutput>.\$(Platform)\$(Config)</DCC_ExeOutput>
        <DCC_E>false</DCC_E>
        <DCC_N>false</DCC_N>
        <DCC_S>false</DCC_S>
        <DCC_F>false</DCC_F>
        <DCC_K>false</DCC_K>
    </PropertyGroup>
    <PropertyGroup Condition="'$(Cfg_1)'!=''">
        <DCC_Define>DEBUG;$(DCC_Define)</DCC_Define>
    </PropertyGroup>
    <PropertyGroup Condition="'$(Cfg_2)'!=''">
        <DCC_Define>RELEASE;$(DCC_Define)</DCC_Define>
    </PropertyGroup>
    <ItemGroup>
        <DelphiCompile Include="$(MainSource)">
            <MainSource>MainSource</MainSource>
        </DelphiCompile>
        <DCCReference Include="rtl.dcp"/>
        <DCCReference Include="vcl.dcp"/>
        <DCCReference Include="vclimg.dcp"/>
        <DCCReference Include="..\Uniscribe\usp10.pas"/>
        <DCCReference Include="..\UTWAnimationTimer.pas"/>
        <DCCReference Include="..\UTWCacheHit.pas"/>
        <DCCReference Include="..\UTWColor.pas"/>
        <DCCReference Include="..\UTWDateTime.pas"/>
        <DCCReference Include="..\UTWDesignPatterns.pas"/>
        <DCCReference Include="..\UTWFillAndStroke.pas"/>
        <DCCReference Include="..\UTWGenericNumber.pas"/>
        <DCCReference Include="..\UTWGeometryTools.pas"/>
        <DCCReference Include="..\UTWHelpers.pas"/>
        <DCCReference Include="..\UTWLine.pas"/>
        <DCCReference Include="..\UTWMajorSettings.pas"/>
        <DCCReference Include="..\UTWMatrix.pas"/>
        <DCCReference Include="..\UTWPadding.pas"/>
        <DCCReference Include="..\UTWPoint.pas"/>
        <DCCReference Include="..\UTWRect.pas"/>
        <DCCReference Include="..\UTWSize.pas"/>
        <DCCReference Include="..\UTWSmartPointer.pas"/>
        <DCCReference Include="..\UTWStandardColor.pas"/>
        <DCCReference Include="..\UTWTypes.pas"/>
        <DCCReference Include="..\UTWVector.pas"/>
        <DCCReference Include="..\UTWVersion.pas"/>
        <BuildConfiguration Include="Release">
            <Key>Cfg_2</Key>
            <CfgParent>Base</CfgParent>
        </BuildConfiguration>
        <BuildConfiguration Include="Base">
            <Key>Base</Key>
        </BuildConfiguration>
        <BuildConfiguration Include="Debug">
            <Key>Cfg_1</Key>
            <CfgParent>Base</CfgParent>
        </BuildConfiguration>
    </ItemGroup>
    <ProjectExtensions>
        <Borland.Personality>Delphi.Personality.12</Borland.Personality>
        <Borland.ProjectType>Package</Borland.ProjectType>
        <BorlandProject>
            <Delphi.Personality>
                <Source>
                    <Source Name="MainSource">TWCommon.dpk</Source>
                </Source>
                <Excluded_Packages>
                </Excluded_Packages>
            </Delphi.Personality>
            <Deployment/>
            <Platforms>
                <Platform value="Win32">True</Platform>
                <Platform value="Win64">True</Platform>
            </Platforms>
        </BorlandProject>
        <ProjectFileVersion>12</ProjectFileVersion>
    </ProjectExtensions>
    <Import Condition="Exists('$(BDS)\Bin\CodeGear.Delphi.Targets')" Project="$(BDS)\Bin\CodeGear.Delphi.Targets"/>
    <Import Condition="Exists('$(APPDATA)\Embarcadero\$(BDSAPPDATABASEDIR)\$(PRODUCTVERSION)\UserTools.proj')" Project="$(APPDATA)\Embarcadero\$(BDSAPPDATABASEDIR)\$(PRODUCTVERSION)\UserTools.proj"/>
</Project>
